
Microsoft Visual Studio Solution File, Format Version 12.00
# Visual Studio 15
VisualStudioVersion = 15.0.28307.960
MinimumVisualStudioVersion = 10.0.40219.1
Project("{FAE04EC0-301F-11D3-BF4B-00C04F79EFBC}") = "WindowsFormsApp4", "WindowsFormsApp4\WindowsFormsApp4.csproj", "{6FD82E06-D1ED-475C-8A4C-6D0FD9357093}"
EndProject
Global
	GlobalSection(SolutionConfigurationPlatforms) = preSolution
		Debug|Any CPU = Debug|Any CPU
		Release|Any CPU = Release|Any CPU
	EndGlobalSection
	GlobalSection(ProjectConfigurationPlatforms) = postSolution
		{6FD82E06-D1ED-475C-8A4C-6D0FD9357093}.Debug|Any CPU.ActiveCfg = Debug|Any CPU
		{6FD82E06-D1ED-475C-8A4C-6D0FD9357093}.Debug|Any CPU.Build.0 = Debug|Any CPU
		{6FD82E06-D1ED-475C-8A4C-6D0FD9357093}.Release|Any CPU.ActiveCfg = Release|Any CPU
		{6FD82E06-D1ED-475C-8A4C-6D0FD9357093}.Release|Any CPU.Build.0 = Release|Any CPU
	EndGlobalSection
	GlobalSection(SolutionProperties) = preSolution
		HideSolutionNode = FALSE
	EndGlobalSection
	GlobalSection(ExtensibilityGlobals) = postSolution
		SolutionGuid = {12F3E8E9-99A4-4D11-961C-D8608CAE8AF4}
	EndGlobalSection
EndGlobal
