
Microsoft Visual Studio Solution File, Format Version 12.00
# Visual Studio 15
VisualStudioVersion = 15.0.28307.960
MinimumVisualStudioVersion = 10.0.40219.1
Project("{FAE04EC0-301F-11D3-BF4B-00C04F79EFBC}") = "ConsoleApp42", "ConsoleApp42\ConsoleApp42.csproj", "{025F4D05-A4EA-46CF-911D-3CF0D2C44C7D}"
EndProject
Global
	GlobalSection(SolutionConfigurationPlatforms) = preSolution
		Debug|Any CPU = Debug|Any CPU
		Release|Any CPU = Release|Any CPU
	EndGlobalSection
	GlobalSection(ProjectConfigurationPlatforms) = postSolution
		{025F4D05-A4EA-46CF-911D-3CF0D2C44C7D}.Debug|Any CPU.ActiveCfg = Debug|Any CPU
		{025F4D05-A4EA-46CF-911D-3CF0D2C44C7D}.Debug|Any CPU.Build.0 = Debug|Any CPU
		{025F4D05-A4EA-46CF-911D-3CF0D2C44C7D}.Release|Any CPU.ActiveCfg = Release|Any CPU
		{025F4D05-A4EA-46CF-911D-3CF0D2C44C7D}.Release|Any CPU.Build.0 = Release|Any CPU
	EndGlobalSection
	GlobalSection(SolutionProperties) = preSolution
		HideSolutionNode = FALSE
	EndGlobalSection
	GlobalSection(ExtensibilityGlobals) = postSolution
		SolutionGuid = {1771EF8C-0A73-4F5B-B9D2-A75F27019285}
	EndGlobalSection
EndGlobal
