
Microsoft Visual Studio Solution File, Format Version 12.00
# Visual Studio 15
VisualStudioVersion = 15.0.28307.960
MinimumVisualStudioVersion = 10.0.40219.1
Project("{FAE04EC0-301F-11D3-BF4B-00C04F79EFBC}") = "ConsoleApp41", "ConsoleApp41\ConsoleApp41.csproj", "{CCC0BB93-40FE-4B46-B869-0D893CA69F95}"
EndProject
Project("{FAE04EC0-301F-11D3-BF4B-00C04F79EFBC}") = "MathFunction", "MathFunction\MathFunction.csproj", "{EBF101F0-07C8-42DD-9DDF-C7B8311FDAE7}"
EndProject
Project("{FAE04EC0-301F-11D3-BF4B-00C04F79EFBC}") = "ConsoleApp1", "ConsoleApp1\ConsoleApp1.csproj", "{F30F650A-4AE6-4FEE-B59E-1022F22BEE04}"
EndProject
Global
	GlobalSection(SolutionConfigurationPlatforms) = preSolution
		Debug|Any CPU = Debug|Any CPU
		Release|Any CPU = Release|Any CPU
	EndGlobalSection
	GlobalSection(ProjectConfigurationPlatforms) = postSolution
		{CCC0BB93-40FE-4B46-B869-0D893CA69F95}.Debug|Any CPU.ActiveCfg = Debug|Any CPU
		{CCC0BB93-40FE-4B46-B869-0D893CA69F95}.Debug|Any CPU.Build.0 = Debug|Any CPU
		{CCC0BB93-40FE-4B46-B869-0D893CA69F95}.Release|Any CPU.ActiveCfg = Release|Any CPU
		{CCC0BB93-40FE-4B46-B869-0D893CA69F95}.Release|Any CPU.Build.0 = Release|Any CPU
		{EBF101F0-07C8-42DD-9DDF-C7B8311FDAE7}.Debug|Any CPU.ActiveCfg = Debug|Any CPU
		{EBF101F0-07C8-42DD-9DDF-C7B8311FDAE7}.Debug|Any CPU.Build.0 = Debug|Any CPU
		{EBF101F0-07C8-42DD-9DDF-C7B8311FDAE7}.Release|Any CPU.ActiveCfg = Release|Any CPU
		{EBF101F0-07C8-42DD-9DDF-C7B8311FDAE7}.Release|Any CPU.Build.0 = Release|Any CPU
		{F30F650A-4AE6-4FEE-B59E-1022F22BEE04}.Debug|Any CPU.ActiveCfg = Debug|Any CPU
		{F30F650A-4AE6-4FEE-B59E-1022F22BEE04}.Debug|Any CPU.Build.0 = Debug|Any CPU
		{F30F650A-4AE6-4FEE-B59E-1022F22BEE04}.Release|Any CPU.ActiveCfg = Release|Any CPU
		{F30F650A-4AE6-4FEE-B59E-1022F22BEE04}.Release|Any CPU.Build.0 = Release|Any CPU
	EndGlobalSection
	GlobalSection(SolutionProperties) = preSolution
		HideSolutionNode = FALSE
	EndGlobalSection
	GlobalSection(ExtensibilityGlobals) = postSolution
		SolutionGuid = {59EAFA9F-9001-49DD-9649-4A649E69A6BC}
	EndGlobalSection
EndGlobal
