
Microsoft Visual Studio Solution File, Format Version 12.00
# Visual Studio 15
VisualStudioVersion = 15.0.28307.960
MinimumVisualStudioVersion = 10.0.40219.1
Project("{FAE04EC0-301F-11D3-BF4B-00C04F79EFBC}") = "WindowsFormsApp3", "WindowsFormsApp3\WindowsFormsApp3.csproj", "{55C78109-C491-40F5-9909-97A9559D4B5F}"
EndProject
Global
	GlobalSection(SolutionConfigurationPlatforms) = preSolution
		Debug|Any CPU = Debug|Any CPU
		Release|Any CPU = Release|Any CPU
	EndGlobalSection
	GlobalSection(ProjectConfigurationPlatforms) = postSolution
		{55C78109-C491-40F5-9909-97A9559D4B5F}.Debug|Any CPU.ActiveCfg = Debug|Any CPU
		{55C78109-C491-40F5-9909-97A9559D4B5F}.Debug|Any CPU.Build.0 = Debug|Any CPU
		{55C78109-C491-40F5-9909-97A9559D4B5F}.Release|Any CPU.ActiveCfg = Release|Any CPU
		{55C78109-C491-40F5-9909-97A9559D4B5F}.Release|Any CPU.Build.0 = Release|Any CPU
	EndGlobalSection
	GlobalSection(SolutionProperties) = preSolution
		HideSolutionNode = FALSE
	EndGlobalSection
	GlobalSection(ExtensibilityGlobals) = postSolution
		SolutionGuid = {7BDAF269-01D6-4D79-B728-C0489474BC47}
	EndGlobalSection
EndGlobal
