
Microsoft Visual Studio Solution File, Format Version 12.00
# Visual Studio 15
VisualStudioVersion = 15.0.28307.960
MinimumVisualStudioVersion = 10.0.40219.1
Project("{FAE04EC0-301F-11D3-BF4B-00C04F79EFBC}") = "ArrayList1", "ArrayList\ArrayList1.csproj", "{795B9E8C-E161-4242-ACC1-7C5F789F828B}"
EndProject
Global
	GlobalSection(SolutionConfigurationPlatforms) = preSolution
		Debug|Any CPU = Debug|Any CPU
		Release|Any CPU = Release|Any CPU
	EndGlobalSection
	GlobalSection(ProjectConfigurationPlatforms) = postSolution
		{795B9E8C-E161-4242-ACC1-7C5F789F828B}.Debug|Any CPU.ActiveCfg = Debug|Any CPU
		{795B9E8C-E161-4242-ACC1-7C5F789F828B}.Debug|Any CPU.Build.0 = Debug|Any CPU
		{795B9E8C-E161-4242-ACC1-7C5F789F828B}.Release|Any CPU.ActiveCfg = Release|Any CPU
		{795B9E8C-E161-4242-ACC1-7C5F789F828B}.Release|Any CPU.Build.0 = Release|Any CPU
	EndGlobalSection
	GlobalSection(SolutionProperties) = preSolution
		HideSolutionNode = FALSE
	EndGlobalSection
	GlobalSection(ExtensibilityGlobals) = postSolution
		SolutionGuid = {66681FAD-99EF-422F-816E-57D9F7F89DAD}
	EndGlobalSection
EndGlobal
