
Microsoft Visual Studio Solution File, Format Version 12.00
# Visual Studio 15
VisualStudioVersion = 15.0.28307.960
MinimumVisualStudioVersion = 10.0.40219.1
Project("{FAE04EC0-301F-11D3-BF4B-00C04F79EFBC}") = "ConsoleApp35", "ConsoleApp35\ConsoleApp35.csproj", "{2D2709DA-3758-421F-A654-BEBA4E10789E}"
EndProject
Project("{FAE04EC0-301F-11D3-BF4B-00C04F79EFBC}") = "WindowsFormsApp1", "WindowsFormsApp1\WindowsFormsApp1.csproj", "{110F60BB-F412-47A6-AC23-8EAFD296CAD7}"
EndProject
Project("{FAE04EC0-301F-11D3-BF4B-00C04F79EFBC}") = "ConsoleApp1", "ConsoleApp1\ConsoleApp1.csproj", "{965C7550-BECD-4215-8D2D-13D1144A8282}"
EndProject
Global
	GlobalSection(SolutionConfigurationPlatforms) = preSolution
		Debug|Any CPU = Debug|Any CPU
		Release|Any CPU = Release|Any CPU
	EndGlobalSection
	GlobalSection(ProjectConfigurationPlatforms) = postSolution
		{2D2709DA-3758-421F-A654-BEBA4E10789E}.Debug|Any CPU.ActiveCfg = Debug|Any CPU
		{2D2709DA-3758-421F-A654-BEBA4E10789E}.Debug|Any CPU.Build.0 = Debug|Any CPU
		{2D2709DA-3758-421F-A654-BEBA4E10789E}.Release|Any CPU.ActiveCfg = Release|Any CPU
		{2D2709DA-3758-421F-A654-BEBA4E10789E}.Release|Any CPU.Build.0 = Release|Any CPU
		{110F60BB-F412-47A6-AC23-8EAFD296CAD7}.Debug|Any CPU.ActiveCfg = Debug|Any CPU
		{110F60BB-F412-47A6-AC23-8EAFD296CAD7}.Debug|Any CPU.Build.0 = Debug|Any CPU
		{110F60BB-F412-47A6-AC23-8EAFD296CAD7}.Release|Any CPU.ActiveCfg = Release|Any CPU
		{110F60BB-F412-47A6-AC23-8EAFD296CAD7}.Release|Any CPU.Build.0 = Release|Any CPU
		{965C7550-BECD-4215-8D2D-13D1144A8282}.Debug|Any CPU.ActiveCfg = Debug|Any CPU
		{965C7550-BECD-4215-8D2D-13D1144A8282}.Debug|Any CPU.Build.0 = Debug|Any CPU
		{965C7550-BECD-4215-8D2D-13D1144A8282}.Release|Any CPU.ActiveCfg = Release|Any CPU
		{965C7550-BECD-4215-8D2D-13D1144A8282}.Release|Any CPU.Build.0 = Release|Any CPU
	EndGlobalSection
	GlobalSection(SolutionProperties) = preSolution
		HideSolutionNode = FALSE
	EndGlobalSection
	GlobalSection(ExtensibilityGlobals) = postSolution
		SolutionGuid = {92F96165-C174-4082-A73A-008F3C119727}
	EndGlobalSection
EndGlobal
